
Microsoft Visual Studio Solution File, Format Version 12.00
# Visual Studio Version 17
VisualStudioVersion = 17.14.36511.14
MinimumVisualStudioVersion = 10.0.40219.1
Project("{FAE04EC0-301F-11D3-BF4B-00C04F79EFBC}") = "eCommerce.SharedLibrary", "eCommerce.SharedLibrary\eCommerce.SharedLibrary.csproj", "{487DC1E6-65FF-4D3A-89E8-8B8E92553505}"
EndProject
Global
	GlobalSection(SolutionConfigurationPlatforms) = preSolution
		Debug|Any CPU = Debug|Any CPU
		Release|Any CPU = Release|Any CPU
	EndGlobalSection
	GlobalSection(ProjectConfigurationPlatforms) = postSolution
		{487DC1E6-65FF-4D3A-89E8-8B8E92553505}.Debug|Any CPU.ActiveCfg = Debug|Any CPU
		{487DC1E6-65FF-4D3A-89E8-8B8E92553505}.Debug|Any CPU.Build.0 = Debug|Any CPU
		{487DC1E6-65FF-4D3A-89E8-8B8E92553505}.Release|Any CPU.ActiveCfg = Release|Any CPU
		{487DC1E6-65FF-4D3A-89E8-8B8E92553505}.Release|Any CPU.Build.0 = Release|Any CPU
	EndGlobalSection
	GlobalSection(SolutionProperties) = preSolution
		HideSolutionNode = FALSE
	EndGlobalSection
	GlobalSection(ExtensibilityGlobals) = postSolution
		SolutionGuid = {24D4C9CD-5459-476A-82BC-C7B6CECD5F17}
	EndGlobalSection
EndGlobal
