
Microsoft Visual Studio Solution File, Format Version 12.00
# Visual Studio Version 17
VisualStudioVersion = 17.14.36511.14
MinimumVisualStudioVersion = 10.0.40219.1
Project("{FAE04EC0-301F-11D3-BF4B-00C04F79EFBC}") = "ProductApi.Application", "ProductApi.Application\ProductApi.Application.csproj", "{5586282A-A88A-4510-A0F5-FD15CB6B6ACE}"
EndProject
Project("{FAE04EC0-301F-11D3-BF4B-00C04F79EFBC}") = "ProductApi.Domain", "ProductApi.Domain\ProductApi.Domain.csproj", "{BE420372-A383-42AA-AC4D-63F33663C3BB}"
EndProject
Project("{FAE04EC0-301F-11D3-BF4B-00C04F79EFBC}") = "ProductApi.Infrastructure", "ProductApi.Infrastructure\ProductApi.Infrastructure.csproj", "{442F75A8-F962-4340-B0FE-765086507FEB}"
EndProject
Project("{FAE04EC0-301F-11D3-BF4B-00C04F79EFBC}") = "ProductApi.Presentation", "ProductApi.Presentation\ProductApi.Presentation.csproj", "{49674048-D8E7-47C7-A94A-46B9A3BCFDB5}"
EndProject
Project("{FAE04EC0-301F-11D3-BF4B-00C04F79EFBC}") = "eCommerce.SharedLibrary", "..\..\..\..\DotNet\ECommerceMicroserviceProject\DemoECommmerce.SharedLibrarySolution\eCommerce.SharedLibrary\eCommerce.SharedLibrary.csproj", "{EDCED9BD-4EF2-BF38-37F9-D18BD678A6FF}"
EndProject
Global
	GlobalSection(SolutionConfigurationPlatforms) = preSolution
		Debug|Any CPU = Debug|Any CPU
		Release|Any CPU = Release|Any CPU
	EndGlobalSection
	GlobalSection(ProjectConfigurationPlatforms) = postSolution
		{5586282A-A88A-4510-A0F5-FD15CB6B6ACE}.Debug|Any CPU.ActiveCfg = Debug|Any CPU
		{5586282A-A88A-4510-A0F5-FD15CB6B6ACE}.Debug|Any CPU.Build.0 = Debug|Any CPU
		{5586282A-A88A-4510-A0F5-FD15CB6B6ACE}.Release|Any CPU.ActiveCfg = Release|Any CPU
		{5586282A-A88A-4510-A0F5-FD15CB6B6ACE}.Release|Any CPU.Build.0 = Release|Any CPU
		{BE420372-A383-42AA-AC4D-63F33663C3BB}.Debug|Any CPU.ActiveCfg = Debug|Any CPU
		{BE420372-A383-42AA-AC4D-63F33663C3BB}.Debug|Any CPU.Build.0 = Debug|Any CPU
		{BE420372-A383-42AA-AC4D-63F33663C3BB}.Release|Any CPU.ActiveCfg = Release|Any CPU
		{BE420372-A383-42AA-AC4D-63F33663C3BB}.Release|Any CPU.Build.0 = Release|Any CPU
		{442F75A8-F962-4340-B0FE-765086507FEB}.Debug|Any CPU.ActiveCfg = Debug|Any CPU
		{442F75A8-F962-4340-B0FE-765086507FEB}.Debug|Any CPU.Build.0 = Debug|Any CPU
		{442F75A8-F962-4340-B0FE-765086507FEB}.Release|Any CPU.ActiveCfg = Release|Any CPU
		{442F75A8-F962-4340-B0FE-765086507FEB}.Release|Any CPU.Build.0 = Release|Any CPU
		{49674048-D8E7-47C7-A94A-46B9A3BCFDB5}.Debug|Any CPU.ActiveCfg = Debug|Any CPU
		{49674048-D8E7-47C7-A94A-46B9A3BCFDB5}.Debug|Any CPU.Build.0 = Debug|Any CPU
		{49674048-D8E7-47C7-A94A-46B9A3BCFDB5}.Release|Any CPU.ActiveCfg = Release|Any CPU
		{49674048-D8E7-47C7-A94A-46B9A3BCFDB5}.Release|Any CPU.Build.0 = Release|Any CPU
		{EDCED9BD-4EF2-BF38-37F9-D18BD678A6FF}.Debug|Any CPU.ActiveCfg = Debug|Any CPU
		{EDCED9BD-4EF2-BF38-37F9-D18BD678A6FF}.Debug|Any CPU.Build.0 = Debug|Any CPU
		{EDCED9BD-4EF2-BF38-37F9-D18BD678A6FF}.Release|Any CPU.ActiveCfg = Release|Any CPU
		{EDCED9BD-4EF2-BF38-37F9-D18BD678A6FF}.Release|Any CPU.Build.0 = Release|Any CPU
	EndGlobalSection
	GlobalSection(SolutionProperties) = preSolution
		HideSolutionNode = FALSE
	EndGlobalSection
	GlobalSection(ExtensibilityGlobals) = postSolution
		SolutionGuid = {85536575-2034-4776-AC1D-6637E8BB2B69}
	EndGlobalSection
EndGlobal
